// !$*UTF8*$!
{
	archiveVersion = 1;
	classes = {
	};
	objectVersion = 51;
	objects = {

/* Begin PBXBuildFile section */
		74C8E8F07439B9CFA1BD0BD8 /* Pods_WBooks.framework in Frameworks */ = {isa = PBXBuildFile; fileRef = 2E63DE15D163A996F44544F8 /* Pods_WBooks.framework */; };
		87786FD8A8211818E7FB37A9 /* Pods_WBooksTests.framework in Frameworks */ = {isa = PBXBuildFile; fileRef = 7E75F1027E5C3225554416C2 /* Pods_WBooksTests.framework */; };
		B5BAEDC04094E547834700BE /* Pods_WBooks_WBooksUITests.framework in Frameworks */ = {isa = PBXBuildFile; fileRef = ABC138CF425F6E7E0EC53C2D /* Pods_WBooks_WBooksUITests.framework */; };
		C45557C826C6BC4900F5F2AF /* AppDelegate.swift in Sources */ = {isa = PBXBuildFile; fileRef = C45557C726C6BC4900F5F2AF /* AppDelegate.swift */; };
		C45557CA26C6BC4900F5F2AF /* SceneDelegate.swift in Sources */ = {isa = PBXBuildFile; fileRef = C45557C926C6BC4900F5F2AF /* SceneDelegate.swift */; };
		C45557CC26C6BC4900F5F2AF /* ViewController.swift in Sources */ = {isa = PBXBuildFile; fileRef = C45557CB26C6BC4900F5F2AF /* ViewController.swift */; };
		C45557CF26C6BC4900F5F2AF /* Main.storyboard in Resources */ = {isa = PBXBuildFile; fileRef = C45557CD26C6BC4900F5F2AF /* Main.storyboard */; };
		C45557D126C6BC4A00F5F2AF /* Assets.xcassets in Resources */ = {isa = PBXBuildFile; fileRef = C45557D026C6BC4A00F5F2AF /* Assets.xcassets */; };
		C45557D426C6BC4A00F5F2AF /* LaunchScreen.storyboard in Resources */ = {isa = PBXBuildFile; fileRef = C45557D226C6BC4A00F5F2AF /* LaunchScreen.storyboard */; };
		C45557DF26C6BC4B00F5F2AF /* WBooksTests.swift in Sources */ = {isa = PBXBuildFile; fileRef = C45557DE26C6BC4B00F5F2AF /* WBooksTests.swift */; };
		C45557EA26C6BC4B00F5F2AF /* WBooksUITests.swift in Sources */ = {isa = PBXBuildFile; fileRef = C45557E926C6BC4B00F5F2AF /* WBooksUITests.swift */; };
/* End PBXBuildFile section */

/* Begin PBXContainerItemProxy section */
		C45557DB26C6BC4B00F5F2AF /* PBXContainerItemProxy */ = {
			isa = PBXContainerItemProxy;
			containerPortal = C45557BC26C6BC4900F5F2AF /* Project object */;
			proxyType = 1;
			remoteGlobalIDString = C45557C326C6BC4900F5F2AF;
			remoteInfo = WBooks;
		};
		C45557E626C6BC4B00F5F2AF /* PBXContainerItemProxy */ = {
			isa = PBXContainerItemProxy;
			containerPortal = C45557BC26C6BC4900F5F2AF /* Project object */;
			proxyType = 1;
			remoteGlobalIDString = C45557C326C6BC4900F5F2AF;
			remoteInfo = WBooks;
		};
/* End PBXContainerItemProxy section */

/* Begin PBXFileReference section */
		082AED643BB2B49A1C7F8788 /* Pods-WBooks.debug.xcconfig */ = {isa = PBXFileReference; includeInIndex = 1; lastKnownFileType = text.xcconfig; name = "Pods-WBooks.debug.xcconfig"; path = "Target Support Files/Pods-WBooks/Pods-WBooks.debug.xcconfig"; sourceTree = "<group>"; };
		155B71942777D8D1775AB7AD /* Pods-WBooks-WBooksUITests.release.xcconfig */ = {isa = PBXFileReference; includeInIndex = 1; lastKnownFileType = text.xcconfig; name = "Pods-WBooks-WBooksUITests.release.xcconfig"; path = "Target Support Files/Pods-WBooks-WBooksUITests/Pods-WBooks-WBooksUITests.release.xcconfig"; sourceTree = "<group>"; };
		2E63DE15D163A996F44544F8 /* Pods_WBooks.framework */ = {isa = PBXFileReference; explicitFileType = wrapper.framework; includeInIndex = 0; path = Pods_WBooks.framework; sourceTree = BUILT_PRODUCTS_DIR; };
		408A77047AAFB5AD255A2A50 /* Pods-WBooksTests.debug.xcconfig */ = {isa = PBXFileReference; includeInIndex = 1; lastKnownFileType = text.xcconfig; name = "Pods-WBooksTests.debug.xcconfig"; path = "Target Support Files/Pods-WBooksTests/Pods-WBooksTests.debug.xcconfig"; sourceTree = "<group>"; };
		585E0776003083901A4706A4 /* Pods-WBooks.release.xcconfig */ = {isa = PBXFileReference; includeInIndex = 1; lastKnownFileType = text.xcconfig; name = "Pods-WBooks.release.xcconfig"; path = "Target Support Files/Pods-WBooks/Pods-WBooks.release.xcconfig"; sourceTree = "<group>"; };
		6C1488258DC1D5C5DD36712D /* Pods-WBooks-WBooksUITests.debug.xcconfig */ = {isa = PBXFileReference; includeInIndex = 1; lastKnownFileType = text.xcconfig; name = "Pods-WBooks-WBooksUITests.debug.xcconfig"; path = "Target Support Files/Pods-WBooks-WBooksUITests/Pods-WBooks-WBooksUITests.debug.xcconfig"; sourceTree = "<group>"; };
		6E61F8091D6EB5F8966A12D7 /* Pods-WBooksTests.release.xcconfig */ = {isa = PBXFileReference; includeInIndex = 1; lastKnownFileType = text.xcconfig; name = "Pods-WBooksTests.release.xcconfig"; path = "Target Support Files/Pods-WBooksTests/Pods-WBooksTests.release.xcconfig"; sourceTree = "<group>"; };
		7E75F1027E5C3225554416C2 /* Pods_WBooksTests.framework */ = {isa = PBXFileReference; explicitFileType = wrapper.framework; includeInIndex = 0; path = Pods_WBooksTests.framework; sourceTree = BUILT_PRODUCTS_DIR; };
		ABC138CF425F6E7E0EC53C2D /* Pods_WBooks_WBooksUITests.framework */ = {isa = PBXFileReference; explicitFileType = wrapper.framework; includeInIndex = 0; path = Pods_WBooks_WBooksUITests.framework; sourceTree = BUILT_PRODUCTS_DIR; };
		C408DCE826C6F62A0022A737 /* ConfigDebug.xcconfig */ = {isa = PBXFileReference; lastKnownFileType = text.xcconfig; name = ConfigDebug.xcconfig; path = ConfigurationFiles/ConfigDebug.xcconfig; sourceTree = SOURCE_ROOT; };
		C408DCEA26C6F6690022A737 /* ConfigRelease.xcconfig */ = {isa = PBXFileReference; lastKnownFileType = text.xcconfig; name = ConfigRelease.xcconfig; path = ConfigurationFiles/ConfigRelease.xcconfig; sourceTree = SOURCE_ROOT; };
		C45557C426C6BC4900F5F2AF /* WBooks.app */ = {isa = PBXFileReference; explicitFileType = wrapper.application; includeInIndex = 0; path = WBooks.app; sourceTree = BUILT_PRODUCTS_DIR; };
		C45557C726C6BC4900F5F2AF /* AppDelegate.swift */ = {isa = PBXFileReference; lastKnownFileType = sourcecode.swift; path = AppDelegate.swift; sourceTree = "<group>"; };
		C45557C926C6BC4900F5F2AF /* SceneDelegate.swift */ = {isa = PBXFileReference; lastKnownFileType = sourcecode.swift; path = SceneDelegate.swift; sourceTree = "<group>"; };
		C45557CB26C6BC4900F5F2AF /* ViewController.swift */ = {isa = PBXFileReference; lastKnownFileType = sourcecode.swift; path = ViewController.swift; sourceTree = "<group>"; };
		C45557CE26C6BC4900F5F2AF /* Base */ = {isa = PBXFileReference; lastKnownFileType = file.storyboard; name = Base; path = Base.lproj/Main.storyboard; sourceTree = "<group>"; };
		C45557D026C6BC4A00F5F2AF /* Assets.xcassets */ = {isa = PBXFileReference; lastKnownFileType = folder.assetcatalog; path = Assets.xcassets; sourceTree = "<group>"; };
		C45557D326C6BC4A00F5F2AF /* Base */ = {isa = PBXFileReference; lastKnownFileType = file.storyboard; name = Base; path = Base.lproj/LaunchScreen.storyboard; sourceTree = "<group>"; };
		C45557D526C6BC4A00F5F2AF /* Info.plist */ = {isa = PBXFileReference; lastKnownFileType = text.plist.xml; path = Info.plist; sourceTree = "<group>"; };
		C45557DA26C6BC4B00F5F2AF /* WBooksTests.xctest */ = {isa = PBXFileReference; explicitFileType = wrapper.cfbundle; includeInIndex = 0; path = WBooksTests.xctest; sourceTree = BUILT_PRODUCTS_DIR; };
		C45557DE26C6BC4B00F5F2AF /* WBooksTests.swift */ = {isa = PBXFileReference; lastKnownFileType = sourcecode.swift; path = WBooksTests.swift; sourceTree = "<group>"; };
		C45557E026C6BC4B00F5F2AF /* Info.plist */ = {isa = PBXFileReference; lastKnownFileType = text.plist.xml; path = Info.plist; sourceTree = "<group>"; };
		C45557E526C6BC4B00F5F2AF /* WBooksUITests.xctest */ = {isa = PBXFileReference; explicitFileType = wrapper.cfbundle; includeInIndex = 0; path = WBooksUITests.xctest; sourceTree = BUILT_PRODUCTS_DIR; };
		C45557E926C6BC4B00F5F2AF /* WBooksUITests.swift */ = {isa = PBXFileReference; lastKnownFileType = sourcecode.swift; path = WBooksUITests.swift; sourceTree = "<group>"; };
		C45557EB26C6BC4B00F5F2AF /* Info.plist */ = {isa = PBXFileReference; lastKnownFileType = text.plist.xml; path = Info.plist; sourceTree = "<group>"; };
/* End PBXFileReference section */

/* Begin PBXFrameworksBuildPhase section */
		C45557C126C6BC4900F5F2AF /* Frameworks */ = {
			isa = PBXFrameworksBuildPhase;
			buildActionMask = 2147483647;
			files = (
				74C8E8F07439B9CFA1BD0BD8 /* Pods_WBooks.framework in Frameworks */,
			);
			runOnlyForDeploymentPostprocessing = 0;
		};
		C45557D726C6BC4B00F5F2AF /* Frameworks */ = {
			isa = PBXFrameworksBuildPhase;
			buildActionMask = 2147483647;
			files = (
				87786FD8A8211818E7FB37A9 /* Pods_WBooksTests.framework in Frameworks */,
			);
			runOnlyForDeploymentPostprocessing = 0;
		};
		C45557E226C6BC4B00F5F2AF /* Frameworks */ = {
			isa = PBXFrameworksBuildPhase;
			buildActionMask = 2147483647;
			files = (
				B5BAEDC04094E547834700BE /* Pods_WBooks_WBooksUITests.framework in Frameworks */,
			);
			runOnlyForDeploymentPostprocessing = 0;
		};
/* End PBXFrameworksBuildPhase section */

/* Begin PBXGroup section */
		19DEEC9F3E8FE190A1FDC151 /* Pods */ = {
			isa = PBXGroup;
			children = (
				082AED643BB2B49A1C7F8788 /* Pods-WBooks.debug.xcconfig */,
				585E0776003083901A4706A4 /* Pods-WBooks.release.xcconfig */,
				6C1488258DC1D5C5DD36712D /* Pods-WBooks-WBooksUITests.debug.xcconfig */,
				155B71942777D8D1775AB7AD /* Pods-WBooks-WBooksUITests.release.xcconfig */,
				408A77047AAFB5AD255A2A50 /* Pods-WBooksTests.debug.xcconfig */,
				6E61F8091D6EB5F8966A12D7 /* Pods-WBooksTests.release.xcconfig */,
			);
			path = Pods;
			sourceTree = "<group>";
		};
		C45557BB26C6BC4900F5F2AF = {
			isa = PBXGroup;
			children = (
				C45557C626C6BC4900F5F2AF /* WBooks */,
				C45557DD26C6BC4B00F5F2AF /* WBooksTests */,
				C45557E826C6BC4B00F5F2AF /* WBooksUITests */,
				C45557C526C6BC4900F5F2AF /* Products */,
				19DEEC9F3E8FE190A1FDC151 /* Pods */,
				FAAE8F719ED0BC583AF3C110 /* Frameworks */,
			);
			sourceTree = "<group>";
		};
		C45557C526C6BC4900F5F2AF /* Products */ = {
			isa = PBXGroup;
			children = (
				C45557C426C6BC4900F5F2AF /* WBooks.app */,
				C45557DA26C6BC4B00F5F2AF /* WBooksTests.xctest */,
				C45557E526C6BC4B00F5F2AF /* WBooksUITests.xctest */,
			);
			name = Products;
			sourceTree = "<group>";
		};
		C45557C626C6BC4900F5F2AF /* WBooks */ = {
			isa = PBXGroup;
			children = (
				C45557C726C6BC4900F5F2AF /* AppDelegate.swift */,
				C45557C926C6BC4900F5F2AF /* SceneDelegate.swift */,
				C45557CB26C6BC4900F5F2AF /* ViewController.swift */,
				C45557CD26C6BC4900F5F2AF /* Main.storyboard */,
				C45557D026C6BC4A00F5F2AF /* Assets.xcassets */,
				C45557D226C6BC4A00F5F2AF /* LaunchScreen.storyboard */,
				C45557D526C6BC4A00F5F2AF /* Info.plist */,
				C408DCEA26C6F6690022A737 /* ConfigRelease.xcconfig */,
				C408DCE826C6F62A0022A737 /* ConfigDebug.xcconfig */,
			);
			path = WBooks;
			sourceTree = "<group>";
		};
		C45557DD26C6BC4B00F5F2AF /* WBooksTests */ = {
			isa = PBXGroup;
			children = (
				C45557DE26C6BC4B00F5F2AF /* WBooksTests.swift */,
				C45557E026C6BC4B00F5F2AF /* Info.plist */,
			);
			path = WBooksTests;
			sourceTree = "<group>";
		};
		C45557E826C6BC4B00F5F2AF /* WBooksUITests */ = {
			isa = PBXGroup;
			children = (
				C45557E926C6BC4B00F5F2AF /* WBooksUITests.swift */,
				C45557EB26C6BC4B00F5F2AF /* Info.plist */,
			);
			path = WBooksUITests;
			sourceTree = "<group>";
		};
		FAAE8F719ED0BC583AF3C110 /* Frameworks */ = {
			isa = PBXGroup;
			children = (
				2E63DE15D163A996F44544F8 /* Pods_WBooks.framework */,
				ABC138CF425F6E7E0EC53C2D /* Pods_WBooks_WBooksUITests.framework */,
				7E75F1027E5C3225554416C2 /* Pods_WBooksTests.framework */,
			);
			name = Frameworks;
			sourceTree = "<group>";
		};
/* End PBXGroup section */

/* Begin PBXNativeTarget section */
		C45557C326C6BC4900F5F2AF /* WBooks */ = {
			isa = PBXNativeTarget;
			buildConfigurationList = C45557EE26C6BC4B00F5F2AF /* Build configuration list for PBXNativeTarget "WBooks" */;
			buildPhases = (
				602F70AEA6F4E1981736D3F4 /* [CP] Check Pods Manifest.lock */,
				C45557C026C6BC4900F5F2AF /* Sources */,
				C45557C126C6BC4900F5F2AF /* Frameworks */,
				C45557C226C6BC4900F5F2AF /* Resources */,
				2E18924B031C2DD2EA449BFD /* [CP] Embed Pods Frameworks */,
			);
			buildRules = (
			);
			dependencies = (
			);
			name = WBooks;
			productName = WBooks;
			productReference = C45557C426C6BC4900F5F2AF /* WBooks.app */;
			productType = "com.apple.product-type.application";
		};
		C45557D926C6BC4B00F5F2AF /* WBooksTests */ = {
			isa = PBXNativeTarget;
			buildConfigurationList = C45557F126C6BC4B00F5F2AF /* Build configuration list for PBXNativeTarget "WBooksTests" */;
			buildPhases = (
				DED75E4D906C67DA1713B4CB /* [CP] Check Pods Manifest.lock */,
				C45557D626C6BC4B00F5F2AF /* Sources */,
				C45557D726C6BC4B00F5F2AF /* Frameworks */,
				C45557D826C6BC4B00F5F2AF /* Resources */,
			);
			buildRules = (
			);
			dependencies = (
				C45557DC26C6BC4B00F5F2AF /* PBXTargetDependency */,
			);
			name = WBooksTests;
			productName = WBooksTests;
			productReference = C45557DA26C6BC4B00F5F2AF /* WBooksTests.xctest */;
			productType = "com.apple.product-type.bundle.unit-test";
		};
		C45557E426C6BC4B00F5F2AF /* WBooksUITests */ = {
			isa = PBXNativeTarget;
			buildConfigurationList = C45557F426C6BC4B00F5F2AF /* Build configuration list for PBXNativeTarget "WBooksUITests" */;
			buildPhases = (
				143FF46CF011508C0B7900DD /* [CP] Check Pods Manifest.lock */,
				C45557E126C6BC4B00F5F2AF /* Sources */,
				C45557E226C6BC4B00F5F2AF /* Frameworks */,
				C45557E326C6BC4B00F5F2AF /* Resources */,
				76143BF439928BE20D7AFC55 /* [CP] Embed Pods Frameworks */,
			);
			buildRules = (
			);
			dependencies = (
				C45557E726C6BC4B00F5F2AF /* PBXTargetDependency */,
			);
			name = WBooksUITests;
			productName = WBooksUITests;
			productReference = C45557E526C6BC4B00F5F2AF /* WBooksUITests.xctest */;
			productType = "com.apple.product-type.bundle.ui-testing";
		};
/* End PBXNativeTarget section */

/* Begin PBXProject section */
		C45557BC26C6BC4900F5F2AF /* Project object */ = {
			isa = PBXProject;
			attributes = {
				LastSwiftUpdateCheck = 1250;
				LastUpgradeCheck = 1250;
				TargetAttributes = {
					C45557C326C6BC4900F5F2AF = {
						CreatedOnToolsVersion = 12.5.1;
					};
					C45557D926C6BC4B00F5F2AF = {
						CreatedOnToolsVersion = 12.5.1;
						TestTargetID = C45557C326C6BC4900F5F2AF;
					};
					C45557E426C6BC4B00F5F2AF = {
						CreatedOnToolsVersion = 12.5.1;
						TestTargetID = C45557C326C6BC4900F5F2AF;
					};
				};
			};
			buildConfigurationList = C45557BF26C6BC4900F5F2AF /* Build configuration list for PBXProject "WBooks" */;
			compatibilityVersion = "Xcode 9.3";
			developmentRegion = en;
			hasScannedForEncodings = 0;
			knownRegions = (
				en,
				Base,
			);
			mainGroup = C45557BB26C6BC4900F5F2AF;
			productRefGroup = C45557C526C6BC4900F5F2AF /* Products */;
			projectDirPath = "";
			projectRoot = "";
			targets = (
				C45557C326C6BC4900F5F2AF /* WBooks */,
				C45557D926C6BC4B00F5F2AF /* WBooksTests */,
				C45557E426C6BC4B00F5F2AF /* WBooksUITests */,
			);
		};
/* End PBXProject section */

/* Begin PBXResourcesBuildPhase section */
		C45557C226C6BC4900F5F2AF /* Resources */ = {
			isa = PBXResourcesBuildPhase;
			buildActionMask = 2147483647;
			files = (
				C45557D426C6BC4A00F5F2AF /* LaunchScreen.storyboard in Resources */,
				C45557D126C6BC4A00F5F2AF /* Assets.xcassets in Resources */,
				C45557CF26C6BC4900F5F2AF /* Main.storyboard in Resources */,
			);
			runOnlyForDeploymentPostprocessing = 0;
		};
		C45557D826C6BC4B00F5F2AF /* Resources */ = {
			isa = PBXResourcesBuildPhase;
			buildActionMask = 2147483647;
			files = (
			);
			runOnlyForDeploymentPostprocessing = 0;
		};
		C45557E326C6BC4B00F5F2AF /* Resources */ = {
			isa = PBXResourcesBuildPhase;
			buildActionMask = 2147483647;
			files = (
			);
			runOnlyForDeploymentPostprocessing = 0;
		};
/* End PBXResourcesBuildPhase section */

/* Begin PBXShellScriptBuildPhase section */
		143FF46CF011508C0B7900DD /* [CP] Check Pods Manifest.lock */ = {
			isa = PBXShellScriptBuildPhase;
			buildActionMask = 2147483647;
			files = (
			);
			inputFileListPaths = (
			);
			inputPaths = (
				"${PODS_PODFILE_DIR_PATH}/Podfile.lock",
				"${PODS_ROOT}/Manifest.lock",
			);
			name = "[CP] Check Pods Manifest.lock";
			outputFileListPaths = (
			);
			outputPaths = (
				"$(DERIVED_FILE_DIR)/Pods-WBooks-WBooksUITests-checkManifestLockResult.txt",
			);
			runOnlyForDeploymentPostprocessing = 0;
			shellPath = /bin/sh;
			shellScript = "diff \"${PODS_PODFILE_DIR_PATH}/Podfile.lock\" \"${PODS_ROOT}/Manifest.lock\" > /dev/null\nif [ $? != 0 ] ; then\n    # print error to STDERR\n    echo \"error: The sandbox is not in sync with the Podfile.lock. Run 'pod install' or update your CocoaPods installation.\" >&2\n    exit 1\nfi\n# This output is used by Xcode 'outputs' to avoid re-running this script phase.\necho \"SUCCESS\" > \"${SCRIPT_OUTPUT_FILE_0}\"\n";
			showEnvVarsInLog = 0;
		};
		2E18924B031C2DD2EA449BFD /* [CP] Embed Pods Frameworks */ = {
			isa = PBXShellScriptBuildPhase;
			buildActionMask = 2147483647;
			files = (
			);
			inputFileListPaths = (
				"${PODS_ROOT}/Target Support Files/Pods-WBooks/Pods-WBooks-frameworks-${CONFIGURATION}-input-files.xcfilelist",
			);
			name = "[CP] Embed Pods Frameworks";
			outputFileListPaths = (
				"${PODS_ROOT}/Target Support Files/Pods-WBooks/Pods-WBooks-frameworks-${CONFIGURATION}-output-files.xcfilelist",
			);
			runOnlyForDeploymentPostprocessing = 0;
			shellPath = /bin/sh;
			shellScript = "\"${PODS_ROOT}/Target Support Files/Pods-WBooks/Pods-WBooks-frameworks.sh\"\n";
			showEnvVarsInLog = 0;
		};
		602F70AEA6F4E1981736D3F4 /* [CP] Check Pods Manifest.lock */ = {
			isa = PBXShellScriptBuildPhase;
			buildActionMask = 2147483647;
			files = (
			);
			inputFileListPaths = (
			);
			inputPaths = (
				"${PODS_PODFILE_DIR_PATH}/Podfile.lock",
				"${PODS_ROOT}/Manifest.lock",
			);
			name = "[CP] Check Pods Manifest.lock";
			outputFileListPaths = (
			);
			outputPaths = (
				"$(DERIVED_FILE_DIR)/Pods-WBooks-checkManifestLockResult.txt",
			);
			runOnlyForDeploymentPostprocessing = 0;
			shellPath = /bin/sh;
			shellScript = "diff \"${PODS_PODFILE_DIR_PATH}/Podfile.lock\" \"${PODS_ROOT}/Manifest.lock\" > /dev/null\nif [ $? != 0 ] ; then\n    # print error to STDERR\n    echo \"error: The sandbox is not in sync with the Podfile.lock. Run 'pod install' or update your CocoaPods installation.\" >&2\n    exit 1\nfi\n# This output is used by Xcode 'outputs' to avoid re-running this script phase.\necho \"SUCCESS\" > \"${SCRIPT_OUTPUT_FILE_0}\"\n";
			showEnvVarsInLog = 0;
		};
		76143BF439928BE20D7AFC55 /* [CP] Embed Pods Frameworks */ = {
			isa = PBXShellScriptBuildPhase;
			buildActionMask = 2147483647;
			files = (
			);
			inputFileListPaths = (
				"${PODS_ROOT}/Target Support Files/Pods-WBooks-WBooksUITests/Pods-WBooks-WBooksUITests-frameworks-${CONFIGURATION}-input-files.xcfilelist",
			);
			name = "[CP] Embed Pods Frameworks";
			outputFileListPaths = (
				"${PODS_ROOT}/Target Support Files/Pods-WBooks-WBooksUITests/Pods-WBooks-WBooksUITests-frameworks-${CONFIGURATION}-output-files.xcfilelist",
			);
			runOnlyForDeploymentPostprocessing = 0;
			shellPath = /bin/sh;
			shellScript = "\"${PODS_ROOT}/Target Support Files/Pods-WBooks-WBooksUITests/Pods-WBooks-WBooksUITests-frameworks.sh\"\n";
			showEnvVarsInLog = 0;
		};
		DED75E4D906C67DA1713B4CB /* [CP] Check Pods Manifest.lock */ = {
			isa = PBXShellScriptBuildPhase;
			buildActionMask = 2147483647;
			files = (
			);
			inputFileListPaths = (
			);
			inputPaths = (
				"${PODS_PODFILE_DIR_PATH}/Podfile.lock",
				"${PODS_ROOT}/Manifest.lock",
			);
			name = "[CP] Check Pods Manifest.lock";
			outputFileListPaths = (
			);
			outputPaths = (
				"$(DERIVED_FILE_DIR)/Pods-WBooksTests-checkManifestLockResult.txt",
			);
			runOnlyForDeploymentPostprocessing = 0;
			shellPath = /bin/sh;
			shellScript = "diff \"${PODS_PODFILE_DIR_PATH}/Podfile.lock\" \"${PODS_ROOT}/Manifest.lock\" > /dev/null\nif [ $? != 0 ] ; then\n    # print error to STDERR\n    echo \"error: The sandbox is not in sync with the Podfile.lock. Run 'pod install' or update your CocoaPods installation.\" >&2\n    exit 1\nfi\n# This output is used by Xcode 'outputs' to avoid re-running this script phase.\necho \"SUCCESS\" > \"${SCRIPT_OUTPUT_FILE_0}\"\n";
			showEnvVarsInLog = 0;
		};
/* End PBXShellScriptBuildPhase section */

/* Begin PBXSourcesBuildPhase section */
		C45557C026C6BC4900F5F2AF /* Sources */ = {
			isa = PBXSourcesBuildPhase;
			buildActionMask = 2147483647;
			files = (
				C45557CC26C6BC4900F5F2AF /* ViewController.swift in Sources */,
				C45557C826C6BC4900F5F2AF /* AppDelegate.swift in Sources */,
				C45557CA26C6BC4900F5F2AF /* SceneDelegate.swift in Sources */,
			);
			runOnlyForDeploymentPostprocessing = 0;
		};
		C45557D626C6BC4B00F5F2AF /* Sources */ = {
			isa = PBXSourcesBuildPhase;
			buildActionMask = 2147483647;
			files = (
				C45557DF26C6BC4B00F5F2AF /* WBooksTests.swift in Sources */,
			);
			runOnlyForDeploymentPostprocessing = 0;
		};
		C45557E126C6BC4B00F5F2AF /* Sources */ = {
			isa = PBXSourcesBuildPhase;
			buildActionMask = 2147483647;
			files = (
				C45557EA26C6BC4B00F5F2AF /* WBooksUITests.swift in Sources */,
			);
			runOnlyForDeploymentPostprocessing = 0;
		};
/* End PBXSourcesBuildPhase section */

/* Begin PBXTargetDependency section */
		C45557DC26C6BC4B00F5F2AF /* PBXTargetDependency */ = {
			isa = PBXTargetDependency;
			target = C45557C326C6BC4900F5F2AF /* WBooks */;
			targetProxy = C45557DB26C6BC4B00F5F2AF /* PBXContainerItemProxy */;
		};
		C45557E726C6BC4B00F5F2AF /* PBXTargetDependency */ = {
			isa = PBXTargetDependency;
			target = C45557C326C6BC4900F5F2AF /* WBooks */;
			targetProxy = C45557E626C6BC4B00F5F2AF /* PBXContainerItemProxy */;
		};
/* End PBXTargetDependency section */

/* Begin PBXVariantGroup section */
		C45557CD26C6BC4900F5F2AF /* Main.storyboard */ = {
			isa = PBXVariantGroup;
			children = (
				C45557CE26C6BC4900F5F2AF /* Base */,
			);
			name = Main.storyboard;
			sourceTree = "<group>";
		};
		C45557D226C6BC4A00F5F2AF /* LaunchScreen.storyboard */ = {
			isa = PBXVariantGroup;
			children = (
				C45557D326C6BC4A00F5F2AF /* Base */,
			);
			name = LaunchScreen.storyboard;
			sourceTree = "<group>";
		};
/* End PBXVariantGroup section */

/* Begin XCBuildConfiguration section */
		C45557EC26C6BC4B00F5F2AF /* Debug */ = {
			isa = XCBuildConfiguration;
			baseConfigurationReference = C408DCE826C6F62A0022A737 /* ConfigDebug.xcconfig */;
			buildSettings = {
				ALWAYS_SEARCH_USER_PATHS = NO;
				CLANG_ANALYZER_NONNULL = YES;
				CLANG_ANALYZER_NUMBER_OBJECT_CONVERSION = YES_AGGRESSIVE;
				CLANG_CXX_LANGUAGE_STANDARD = "gnu++14";
				CLANG_CXX_LIBRARY = "libc++";
				CLANG_ENABLE_MODULES = YES;
				CLANG_ENABLE_OBJC_ARC = YES;
				CLANG_ENABLE_OBJC_WEAK = YES;
				CLANG_WARN_BLOCK_CAPTURE_AUTORELEASING = YES;
				CLANG_WARN_BOOL_CONVERSION = YES;
				CLANG_WARN_COMMA = YES;
				CLANG_WARN_CONSTANT_CONVERSION = YES;
				CLANG_WARN_DEPRECATED_OBJC_IMPLEMENTATIONS = YES;
				CLANG_WARN_DIRECT_OBJC_ISA_USAGE = YES_ERROR;
				CLANG_WARN_DOCUMENTATION_COMMENTS = YES;
				CLANG_WARN_EMPTY_BODY = YES;
				CLANG_WARN_ENUM_CONVERSION = YES;
				CLANG_WARN_INFINITE_RECURSION = YES;
				CLANG_WARN_INT_CONVERSION = YES;
				CLANG_WARN_NON_LITERAL_NULL_CONVERSION = YES;
				CLANG_WARN_OBJC_IMPLICIT_RETAIN_SELF = YES;
				CLANG_WARN_OBJC_LITERAL_CONVERSION = YES;
				CLANG_WARN_OBJC_ROOT_CLASS = YES_ERROR;
				CLANG_WARN_QUOTED_INCLUDE_IN_FRAMEWORK_HEADER = YES;
				CLANG_WARN_RANGE_LOOP_ANALYSIS = YES;
				CLANG_WARN_STRICT_PROTOTYPES = YES;
				CLANG_WARN_SUSPICIOUS_MOVE = YES;
				CLANG_WARN_UNGUARDED_AVAILABILITY = YES_AGGRESSIVE;
				CLANG_WARN_UNREACHABLE_CODE = YES;
				CLANG_WARN__DUPLICATE_METHOD_MATCH = YES;
				COPY_PHASE_STRIP = NO;
				DEBUG_INFORMATION_FORMAT = dwarf;
				ENABLE_STRICT_OBJC_MSGSEND = YES;
				ENABLE_TESTABILITY = YES;
				GCC_C_LANGUAGE_STANDARD = gnu11;
				GCC_DYNAMIC_NO_PIC = NO;
				GCC_NO_COMMON_BLOCKS = YES;
				GCC_OPTIMIZATION_LEVEL = 0;
				GCC_PREPROCESSOR_DEFINITIONS = (
					"DEBUG=1",
					"$(inherited)",
				);
				GCC_WARN_64_TO_32_BIT_CONVERSION = YES;
				GCC_WARN_ABOUT_RETURN_TYPE = YES_ERROR;
				GCC_WARN_UNDECLARED_SELECTOR = YES;
				GCC_WARN_UNINITIALIZED_AUTOS = YES_AGGRESSIVE;
				GCC_WARN_UNUSED_FUNCTION = YES;
				GCC_WARN_UNUSED_VARIABLE = YES;
				IPHONEOS_DEPLOYMENT_TARGET = 14.5;
				MTL_ENABLE_DEBUG_INFO = INCLUDE_SOURCE;
				MTL_FAST_MATH = YES;
				ONLY_ACTIVE_ARCH = YES;
				SDKROOT = iphoneos;
				SWIFT_ACTIVE_COMPILATION_CONDITIONS = DEBUG;
				SWIFT_OPTIMIZATION_LEVEL = "-Onone";
			};
			name = Debug;
		};
		C45557ED26C6BC4B00F5F2AF /* Release */ = {
			isa = XCBuildConfiguration;
			baseConfigurationReference = C408DCEA26C6F6690022A737 /* ConfigRelease.xcconfig */;
			buildSettings = {
				ALWAYS_SEARCH_USER_PATHS = NO;
				CLANG_ANALYZER_NONNULL = YES;
				CLANG_ANALYZER_NUMBER_OBJECT_CONVERSION = YES_AGGRESSIVE;
				CLANG_CXX_LANGUAGE_STANDARD = "gnu++14";
				CLANG_CXX_LIBRARY = "libc++";
				CLANG_ENABLE_MODULES = YES;
				CLANG_ENABLE_OBJC_ARC = YES;
				CLANG_ENABLE_OBJC_WEAK = YES;
				CLANG_WARN_BLOCK_CAPTURE_AUTORELEASING = YES;
				CLANG_WARN_BOOL_CONVERSION = YES;
				CLANG_WARN_COMMA = YES;
				CLANG_WARN_CONSTANT_CONVERSION = YES;
				CLANG_WARN_DEPRECATED_OBJC_IMPLEMENTATIONS = YES;
				CLANG_WARN_DIRECT_OBJC_ISA_USAGE = YES_ERROR;
				CLANG_WARN_DOCUMENTATION_COMMENTS = YES;
				CLANG_WARN_EMPTY_BODY = YES;
				CLANG_WARN_ENUM_CONVERSION = YES;
				CLANG_WARN_INFINITE_RECURSION = YES;
				CLANG_WARN_INT_CONVERSION = YES;
				CLANG_WARN_NON_LITERAL_NULL_CONVERSION = YES;
				CLANG_WARN_OBJC_IMPLICIT_RETAIN_SELF = YES;
				CLANG_WARN_OBJC_LITERAL_CONVERSION = YES;
				CLANG_WARN_OBJC_ROOT_CLASS = YES_ERROR;
				CLANG_WARN_QUOTED_INCLUDE_IN_FRAMEWORK_HEADER = YES;
				CLANG_WARN_RANGE_LOOP_ANALYSIS = YES;
				CLANG_WARN_STRICT_PROTOTYPES = YES;
				CLANG_WARN_SUSPICIOUS_MOVE = YES;
				CLANG_WARN_UNGUARDED_AVAILABILITY = YES_AGGRESSIVE;
				CLANG_WARN_UNREACHABLE_CODE = YES;
				CLANG_WARN__DUPLICATE_METHOD_MATCH = YES;
				COPY_PHASE_STRIP = NO;
				DEBUG_INFORMATION_FORMAT = "dwarf-with-dsym";
				ENABLE_NS_ASSERTIONS = NO;
				ENABLE_STRICT_OBJC_MSGSEND = YES;
				GCC_C_LANGUAGE_STANDARD = gnu11;
				GCC_NO_COMMON_BLOCKS = YES;
				GCC_WARN_64_TO_32_BIT_CONVERSION = YES;
				GCC_WARN_ABOUT_RETURN_TYPE = YES_ERROR;
				GCC_WARN_UNDECLARED_SELECTOR = YES;
				GCC_WARN_UNINITIALIZED_AUTOS = YES_AGGRESSIVE;
				GCC_WARN_UNUSED_FUNCTION = YES;
				GCC_WARN_UNUSED_VARIABLE = YES;
				IPHONEOS_DEPLOYMENT_TARGET = 14.5;
				MTL_ENABLE_DEBUG_INFO = NO;
				MTL_FAST_MATH = YES;
				SDKROOT = iphoneos;
				SWIFT_COMPILATION_MODE = wholemodule;
				SWIFT_OPTIMIZATION_LEVEL = "-O";
				VALIDATE_PRODUCT = YES;
			};
			name = Release;
		};
		C45557EF26C6BC4B00F5F2AF /* Debug */ = {
			isa = XCBuildConfiguration;
			baseConfigurationReference = 082AED643BB2B49A1C7F8788 /* Pods-WBooks.debug.xcconfig */;
			buildSettings = {
				ASSETCATALOG_COMPILER_APPICON_NAME = AppIcon;
				ASSETCATALOG_COMPILER_GLOBAL_ACCENT_COLOR_NAME = AccentColor;
				CODE_SIGN_STYLE = Automatic;
				INFOPLIST_FILE = WBooks/Info.plist;
				LD_RUNPATH_SEARCH_PATHS = (
					"$(inherited)",
					"@executable_path/Frameworks",
				);
				PRODUCT_BUNDLE_IDENTIFIER = Cristian.WBooks;
				PRODUCT_NAME = "$(TARGET_NAME)";
				SWIFT_VERSION = 5.0;
				TARGETED_DEVICE_FAMILY = "1,2";
			};
			name = Debug;
		};
		C45557F026C6BC4B00F5F2AF /* Release */ = {
			isa = XCBuildConfiguration;
			baseConfigurationReference = 585E0776003083901A4706A4 /* Pods-WBooks.release.xcconfig */;
			buildSettings = {
				ASSETCATALOG_COMPILER_APPICON_NAME = AppIcon;
				ASSETCATALOG_COMPILER_GLOBAL_ACCENT_COLOR_NAME = AccentColor;
				CODE_SIGN_STYLE = Automatic;
				INFOPLIST_FILE = WBooks/Info.plist;
				LD_RUNPATH_SEARCH_PATHS = (
					"$(inherited)",
					"@executable_path/Frameworks",
				);
				PRODUCT_BUNDLE_IDENTIFIER = Cristian.WBooks;
				PRODUCT_NAME = "$(TARGET_NAME)";
				SWIFT_VERSION = 5.0;
				TARGETED_DEVICE_FAMILY = "1,2";
			};
			name = Release;
		};
		C45557F226C6BC4B00F5F2AF /* Debug */ = {
			isa = XCBuildConfiguration;
			baseConfigurationReference = 408A77047AAFB5AD255A2A50 /* Pods-WBooksTests.debug.xcconfig */;
			buildSettings = {
				ALWAYS_EMBED_SWIFT_STANDARD_LIBRARIES = YES;
				BUNDLE_LOADER = "$(TEST_HOST)";
				CODE_SIGN_STYLE = Automatic;
				INFOPLIST_FILE = WBooksTests/Info.plist;
				IPHONEOS_DEPLOYMENT_TARGET = 14.5;
				LD_RUNPATH_SEARCH_PATHS = (
					"$(inherited)",
					"@executable_path/Frameworks",
					"@loader_path/Frameworks",
				);
				PRODUCT_BUNDLE_IDENTIFIER = Cristian.WBooksTests;
				PRODUCT_NAME = "$(TARGET_NAME)";
				SWIFT_VERSION = 5.0;
				TARGETED_DEVICE_FAMILY = "1,2";
				TEST_HOST = "$(BUILT_PRODUCTS_DIR)/WBooks.app/WBooks";
			};
			name = Debug;
		};
		C45557F326C6BC4B00F5F2AF /* Release */ = {
			isa = XCBuildConfiguration;
			baseConfigurationReference = 6E61F8091D6EB5F8966A12D7 /* Pods-WBooksTests.release.xcconfig */;
			buildSettings = {
				ALWAYS_EMBED_SWIFT_STANDARD_LIBRARIES = YES;
				BUNDLE_LOADER = "$(TEST_HOST)";
				CODE_SIGN_STYLE = Automatic;
				INFOPLIST_FILE = WBooksTests/Info.plist;
				IPHONEOS_DEPLOYMENT_TARGET = 14.5;
				LD_RUNPATH_SEARCH_PATHS = (
					"$(inherited)",
					"@executable_path/Frameworks",
					"@loader_path/Frameworks",
				);
				PRODUCT_BUNDLE_IDENTIFIER = Cristian.WBooksTests;
				PRODUCT_NAME = "$(TARGET_NAME)";
				SWIFT_VERSION = 5.0;
				TARGETED_DEVICE_FAMILY = "1,2";
				TEST_HOST = "$(BUILT_PRODUCTS_DIR)/WBooks.app/WBooks";
			};
			name = Release;
		};
		C45557F526C6BC4B00F5F2AF /* Debug */ = {
			isa = XCBuildConfiguration;
			baseConfigurationReference = 6C1488258DC1D5C5DD36712D /* Pods-WBooks-WBooksUITests.debug.xcconfig */;
			buildSettings = {
				ALWAYS_EMBED_SWIFT_STANDARD_LIBRARIES = YES;
				CODE_SIGN_STYLE = Automatic;
				INFOPLIST_FILE = WBooksUITests/Info.plist;
				LD_RUNPATH_SEARCH_PATHS = (
					"$(inherited)",
					"@executable_path/Frameworks",
					"@loader_path/Frameworks",
				);
				PRODUCT_BUNDLE_IDENTIFIER = Cristian.WBooksUITests;
				PRODUCT_NAME = "$(TARGET_NAME)";
				SWIFT_VERSION = 5.0;
				TARGETED_DEVICE_FAMILY = "1,2";
				TEST_TARGET_NAME = WBooks;
			};
			name = Debug;
		};
		C45557F626C6BC4B00F5F2AF /* Release */ = {
			isa = XCBuildConfiguration;
			baseConfigurationReference = 155B71942777D8D1775AB7AD /* Pods-WBooks-WBooksUITests.release.xcconfig */;
			buildSettings = {
				ALWAYS_EMBED_SWIFT_STANDARD_LIBRARIES = YES;
				CODE_SIGN_STYLE = Automatic;
				INFOPLIST_FILE = WBooksUITests/Info.plist;
				LD_RUNPATH_SEARCH_PATHS = (
					"$(inherited)",
					"@executable_path/Frameworks",
					"@loader_path/Frameworks",
				);
				PRODUCT_BUNDLE_IDENTIFIER = Cristian.WBooksUITests;
				PRODUCT_NAME = "$(TARGET_NAME)";
				SWIFT_VERSION = 5.0;
				TARGETED_DEVICE_FAMILY = "1,2";
				TEST_TARGET_NAME = WBooks;
			};
			name = Release;
		};
/* End XCBuildConfiguration section */

/* Begin XCConfigurationList section */
		C45557BF26C6BC4900F5F2AF /* Build configuration list for PBXProject "WBooks" */ = {
			isa = XCConfigurationList;
			buildConfigurations = (
				C45557EC26C6BC4B00F5F2AF /* Debug */,
				C45557ED26C6BC4B00F5F2AF /* Release */,
			);
			defaultConfigurationIsVisible = 0;
			defaultConfigurationName = Release;
		};
		C45557EE26C6BC4B00F5F2AF /* Build configuration list for PBXNativeTarget "WBooks" */ = {
			isa = XCConfigurationList;
			buildConfigurations = (
				C45557EF26C6BC4B00F5F2AF /* Debug */,
				C45557F026C6BC4B00F5F2AF /* Release */,
			);
			defaultConfigurationIsVisible = 0;
			defaultConfigurationName = Release;
		};
		C45557F126C6BC4B00F5F2AF /* Build configuration list for PBXNativeTarget "WBooksTests" */ = {
			isa = XCConfigurationList;
			buildConfigurations = (
				C45557F226C6BC4B00F5F2AF /* Debug */,
				C45557F326C6BC4B00F5F2AF /* Release */,
			);
			defaultConfigurationIsVisible = 0;
			defaultConfigurationName = Release;
		};
		C45557F426C6BC4B00F5F2AF /* Build configuration list for PBXNativeTarget "WBooksUITests" */ = {
			isa = XCConfigurationList;
			buildConfigurations = (
				C45557F526C6BC4B00F5F2AF /* Debug */,
				C45557F626C6BC4B00F5F2AF /* Release */,
			);
			defaultConfigurationIsVisible = 0;
			defaultConfigurationName = Release;
		};
/* End XCConfigurationList section */
	};
	rootObject = C45557BC26C6BC4900F5F2AF /* Project object */;
}
